{
  "name": "eShopSolutionReact",
  "lockfileVersion": 2,
  "requires": true,
  "packages": {
    "": {
      "dependencies": {
        "slugify": "^1.6.5",
        "url-slug": "^3.0.4"
      }
    },
    "node_modules/slugify": {
      "version": "1.6.5",
      "resolved": "https://registry.npmjs.org/slugify/-/slugify-1.6.5.tgz",
      "integrity": "sha512-8mo9bslnBO3tr5PEVFzMPIWwWnipGS0xVbYf65zxDqfNwmzYn1LpiKNrR6DlClusuvo+hDHd1zKpmfAe83NQSQ==",
      "engines": {
        "node": ">=8.0.0"
      }
    },
    "node_modules/url-slug": {
      "version": "3.0.4",
      "resolved": "https://registry.npmjs.org/url-slug/-/url-slug-3.0.4.tgz",
      "integrity": "sha512-C880WJTo68O4J59i+w9Yp4P0iDUrMeCAVwNvHAYjSc59XsO4pkPfe8bsEHEyZrEfWWy8BDyxMQi6BPVHp/GEbg=="
    }
  },
  "dependencies": {
    "slugify": {
      "version": "1.6.5",
      "resolved": "https://registry.npmjs.org/slugify/-/slugify-1.6.5.tgz",
      "integrity": "sha512-8mo9bslnBO3tr5PEVFzMPIWwWnipGS0xVbYf65zxDqfNwmzYn1LpiKNrR6DlClusuvo+hDHd1zKpmfAe83NQSQ=="
    },
    "url-slug": {
      "version": "3.0.4",
      "resolved": "https://registry.npmjs.org/url-slug/-/url-slug-3.0.4.tgz",
      "integrity": "sha512-C880WJTo68O4J59i+w9Yp4P0iDUrMeCAVwNvHAYjSc59XsO4pkPfe8bsEHEyZrEfWWy8BDyxMQi6BPVHp/GEbg=="
    }
  }
}
